
Microsoft Visual Studio Solution File, Format Version 12.00
# Visual Studio Version 16
VisualStudioVersion = 16.0.29613.14
MinimumVisualStudioVersion = 10.0.40219.1
Project("{FAE04EC0-301F-11D3-BF4B-00C04F79EFBC}") = "ASPwebform", "ASPwebform.csproj", "{258A4882-702A-4539-985F-F8FFC446ECBE}"
EndProject
Global
	GlobalSection(SolutionConfigurationPlatforms) = preSolution
		Debug|Any CPU = Debug|Any CPU
		Release|Any CPU = Release|Any CPU
	EndGlobalSection
	GlobalSection(ProjectConfigurationPlatforms) = postSolution
		{258A4882-702A-4539-985F-F8FFC446ECBE}.Debug|Any CPU.ActiveCfg = Debug|Any CPU
		{258A4882-702A-4539-985F-F8FFC446ECBE}.Debug|Any CPU.Build.0 = Debug|Any CPU
		{258A4882-702A-4539-985F-F8FFC446ECBE}.Release|Any CPU.ActiveCfg = Release|Any CPU
		{258A4882-702A-4539-985F-F8FFC446ECBE}.Release|Any CPU.Build.0 = Release|Any CPU
	EndGlobalSection
	GlobalSection(SolutionProperties) = preSolution
		HideSolutionNode = FALSE
	EndGlobalSection
	GlobalSection(ExtensibilityGlobals) = postSolution
		SolutionGuid = {02848834-0A5B-46E4-B628-FF3F18483AD3}
	EndGlobalSection
EndGlobal
