
Microsoft Visual Studio Solution File, Format Version 12.00
# Visual Studio Version 16
VisualStudioVersion = 16.0.29613.14
MinimumVisualStudioVersion = 10.0.40219.1
Project("{FAE04EC0-301F-11D3-BF4B-00C04F79EFBC}") = "crudEF", "crudEF.csproj", "{DAF840D3-3CDC-4168-986B-45796F3E7498}"
EndProject
Global
	GlobalSection(SolutionConfigurationPlatforms) = preSolution
		Debug|Any CPU = Debug|Any CPU
		Release|Any CPU = Release|Any CPU
	EndGlobalSection
	GlobalSection(ProjectConfigurationPlatforms) = postSolution
		{DAF840D3-3CDC-4168-986B-45796F3E7498}.Debug|Any CPU.ActiveCfg = Debug|Any CPU
		{DAF840D3-3CDC-4168-986B-45796F3E7498}.Debug|Any CPU.Build.0 = Debug|Any CPU
		{DAF840D3-3CDC-4168-986B-45796F3E7498}.Release|Any CPU.ActiveCfg = Release|Any CPU
		{DAF840D3-3CDC-4168-986B-45796F3E7498}.Release|Any CPU.Build.0 = Release|Any CPU
	EndGlobalSection
	GlobalSection(SolutionProperties) = preSolution
		HideSolutionNode = FALSE
	EndGlobalSection
	GlobalSection(ExtensibilityGlobals) = postSolution
		SolutionGuid = {5FEB888E-D373-40CC-A6B1-224B85EAB3E0}
	EndGlobalSection
EndGlobal
