
Microsoft Visual Studio Solution File, Format Version 12.00
# Visual Studio Version 16
VisualStudioVersion = 16.0.29613.14
MinimumVisualStudioVersion = 10.0.40219.1
Project("{FAE04EC0-301F-11D3-BF4B-00C04F79EFBC}") = "HandsOnModelValidations", "HandsOnModelValidations.csproj", "{DA51122B-0F90-4C9D-92F2-7D64CD7A7596}"
EndProject
Global
	GlobalSection(SolutionConfigurationPlatforms) = preSolution
		Debug|Any CPU = Debug|Any CPU
		Release|Any CPU = Release|Any CPU
	EndGlobalSection
	GlobalSection(ProjectConfigurationPlatforms) = postSolution
		{DA51122B-0F90-4C9D-92F2-7D64CD7A7596}.Debug|Any CPU.ActiveCfg = Debug|Any CPU
		{DA51122B-0F90-4C9D-92F2-7D64CD7A7596}.Debug|Any CPU.Build.0 = Debug|Any CPU
		{DA51122B-0F90-4C9D-92F2-7D64CD7A7596}.Release|Any CPU.ActiveCfg = Release|Any CPU
		{DA51122B-0F90-4C9D-92F2-7D64CD7A7596}.Release|Any CPU.Build.0 = Release|Any CPU
	EndGlobalSection
	GlobalSection(SolutionProperties) = preSolution
		HideSolutionNode = FALSE
	EndGlobalSection
	GlobalSection(ExtensibilityGlobals) = postSolution
		SolutionGuid = {EDA280DC-B1AA-4801-81B1-9CA50D8BEC9D}
	EndGlobalSection
EndGlobal
