
Microsoft Visual Studio Solution File, Format Version 12.00
# Visual Studio Version 16
VisualStudioVersion = 16.0.29613.14
MinimumVisualStudioVersion = 10.0.40219.1
Project("{FAE04EC0-301F-11D3-BF4B-00C04F79EFBC}") = "EmployeeManagement", "EmployeeManagement.csproj", "{89A6D81C-64B6-413E-809A-7351F9638B9F}"
EndProject
Global
	GlobalSection(SolutionConfigurationPlatforms) = preSolution
		Debug|Any CPU = Debug|Any CPU
		Release|Any CPU = Release|Any CPU
	EndGlobalSection
	GlobalSection(ProjectConfigurationPlatforms) = postSolution
		{89A6D81C-64B6-413E-809A-7351F9638B9F}.Debug|Any CPU.ActiveCfg = Debug|Any CPU
		{89A6D81C-64B6-413E-809A-7351F9638B9F}.Debug|Any CPU.Build.0 = Debug|Any CPU
		{89A6D81C-64B6-413E-809A-7351F9638B9F}.Release|Any CPU.ActiveCfg = Release|Any CPU
		{89A6D81C-64B6-413E-809A-7351F9638B9F}.Release|Any CPU.Build.0 = Release|Any CPU
	EndGlobalSection
	GlobalSection(SolutionProperties) = preSolution
		HideSolutionNode = FALSE
	EndGlobalSection
	GlobalSection(ExtensibilityGlobals) = postSolution
		SolutionGuid = {5173FE73-091D-4C0C-B2DB-32B3BC4A9D6A}
	EndGlobalSection
EndGlobal
